
Microsoft Visual Studio Solution File, Format Version 12.00
# Visual Studio Version 17
VisualStudioVersion = 17.13.35825.156 d17.13
MinimumVisualStudioVersion = 10.0.40219.1
Project("{FAE04EC0-301F-11D3-BF4B-00C04F79EFBC}") = "TutorSchedule", "TutorSchedule\TutorSchedule.csproj", "{A87E2FCD-114D-43C7-9340-F4C2B45A0D85}"
EndProject
Global
	GlobalSection(SolutionConfigurationPlatforms) = preSolution
		Debug|Any CPU = Debug|Any CPU
		Release|Any CPU = Release|Any CPU
	EndGlobalSection
	GlobalSection(ProjectConfigurationPlatforms) = postSolution
		{A87E2FCD-114D-43C7-9340-F4C2B45A0D85}.Debug|Any CPU.ActiveCfg = Debug|Any CPU
		{A87E2FCD-114D-43C7-9340-F4C2B45A0D85}.Debug|Any CPU.Build.0 = Debug|Any CPU
		{A87E2FCD-114D-43C7-9340-F4C2B45A0D85}.Release|Any CPU.ActiveCfg = Release|Any CPU
		{A87E2FCD-114D-43C7-9340-F4C2B45A0D85}.Release|Any CPU.Build.0 = Release|Any CPU
	EndGlobalSection
	GlobalSection(SolutionProperties) = preSolution
		HideSolutionNode = FALSE
	EndGlobalSection
	GlobalSection(ExtensibilityGlobals) = postSolution
		SolutionGuid = {CE6F35FB-3B2E-444A-BA38-25126246C838}
	EndGlobalSection
EndGlobal
